Microsoft Visual Studio Solution File, Format Version 12.00
# Visual Studio Version 17
VisualStudioVersion = 17.5.2.0
MinimumVisualStudioVersion = 10.0.40219.1
Project("{FAE04EC0-301F-11D3-BF4B-00C04F79EFBC}") = "Chat.WebBlazorServer", "Chat.WebBlazorServer.csproj", "{FBB5B7BA-3C99-90A0-F2CB-8ABE01035EDC}"
EndProject
Global
	GlobalSection(SolutionConfigurationPlatforms) = preSolution
		Debug|Any CPU = Debug|Any CPU
		Release|Any CPU = Release|Any CPU
	EndGlobalSection
	GlobalSection(ProjectConfigurationPlatforms) = postSolution
		{FBB5B7BA-3C99-90A0-F2CB-8ABE01035EDC}.Debug|Any CPU.ActiveCfg = Debug|Any CPU
		{FBB5B7BA-3C99-90A0-F2CB-8ABE01035EDC}.Debug|Any CPU.Build.0 = Debug|Any CPU
		{FBB5B7BA-3C99-90A0-F2CB-8ABE01035EDC}.Release|Any CPU.ActiveCfg = Release|Any CPU
		{FBB5B7BA-3C99-90A0-F2CB-8ABE01035EDC}.Release|Any CPU.Build.0 = Release|Any CPU
	EndGlobalSection
	GlobalSection(SolutionProperties) = preSolution
		HideSolutionNode = FALSE
	EndGlobalSection
	GlobalSection(ExtensibilityGlobals) = postSolution
		SolutionGuid = {C1474B45-40A2-4536-930A-739B7845F156}
	EndGlobalSection
EndGlobal
